<?xml version="1.0" encoding="utf-8"?>
<Project ToolsVersion="4.0" xmlns="http://schemas.microsoft.com/developer/msbuild/2003">
  <ItemGroup>
    <Filter Include="Исходные файлы">
      <UniqueIdentifier>{4FC737F1-C7A5-4376-A066-2A32D752A2FF}</UniqueIdentifier>
      <Extensions>cpp;c;cc;cxx;c++;cppm;ixx;def;odl;idl;hpj;bat;asm;asmx</Extensions>
    </Filter>
    <Filter Include="Файлы заголовков">
      <UniqueIdentifier>{93995380-89BD-4b04-88EB-625FBE52EBFB}</UniqueIdentifier>
      <Extensions>h;hh;hpp;hxx;h++;hm;inl;inc;ipp;xsd</Extensions>
    </Filter>
    <Filter Include="Файлы ресурсов">
      <UniqueIdentifier>{67DA6AB6-F800-4c08-8B7A-83BB121AAD01}</UniqueIdentifier>
      <Extensions>rc;ico;cur;bmp;dlg;rc2;rct;bin;rgs;gif;jpg;jpeg;jpe;resx;tiff;tif;png;wav;mfcribbon-ms</Extensions>
    </Filter>
  </ItemGroup>
  <ItemGroup>
    <ClCompile Include="4.1_Структура LectureTitle.cpp">
      <Filter>Исходные файлы</Filter>
    </ClCompile>
    <ClCompile Include="4.2_Обратимая функция.cpp">
      <Filter>Исходные файлы</Filter>
    </ClCompile>
    <ClCompile Include="4.3_Обратимая функция с умножением и делением.cpp">
      <Filter>Исходные файлы</Filter>
    </ClCompile>
    <ClCompile Include="4.4_Работа с файлами Часть 1.cpp">
      <Filter>Исходные файлы</Filter>
    </ClCompile>
    <ClCompile Include="4.5_Работа с файлами Часть 2.cpp">
      <Filter>Исходные файлы</Filter>
    </ClCompile>
    <ClCompile Include="4.6_Вывод с точностью.cpp">
      <Filter>Исходные файлы</Filter>
    </ClCompile>
    <ClCompile Include="4.7_Чтение и вывод таблицы.cpp">
      <Filter>Исходные файлы</Filter>
    </ClCompile>
    <ClCompile Include="4.8_Список студентов.cpp">
      <Filter>Исходные файлы</Filter>
    </ClCompile>
    <ClCompile Include="4.9_Список студентов через файл.cpp">
      <Filter>Исходные файлы</Filter>
    </ClCompile>
    <ClCompile Include="4.10_Класс Rational Часть 1.cpp">
      <Filter>Исходные файлы</Filter>
    </ClCompile>
    <ClCompile Include="4.10_Класс Rational Часть 2.cpp">
      <Filter>Исходные файлы</Filter>
    </ClCompile>
    <ClCompile Include="4.10_Класс Rational Часть 3.cpp">
      <Filter>Исходные файлы</Filter>
    </ClCompile>
    <ClCompile Include="4.10_Класс Rational Часть 4.cpp">
      <Filter>Исходные файлы</Filter>
    </ClCompile>
    <ClCompile Include="4.10_Класс Rational Часть 5.cpp">
      <Filter>Исходные файлы</Filter>
    </ClCompile>
    <ClCompile Include="4.10_Класс Rational FULL Version.cpp">
      <Filter>Исходные файлы</Filter>
    </ClCompile>
    <ClCompile Include="4.10_Класс Rational %28Решение Coursera%29.cpp">
      <Filter>Исходные файлы</Filter>
    </ClCompile>
    <ClCompile Include="4.11_Функция EnsureEqual.cpp">
      <Filter>Исходные файлы</Filter>
    </ClCompile>
    <ClCompile Include="4.12_Исключения в классе Rational.cpp">
      <Filter>Исходные файлы</Filter>
    </ClCompile>
    <ClCompile Include="4.13_Калькулятор обыкновенных дробей.cpp">
      <Filter>Исходные файлы</Filter>
    </ClCompile>
    <ClCompile Include="4.14_Работа с сервером времени.cpp">
      <Filter>Исходные файлы</Filter>
    </ClCompile>
  </ItemGroup>
</Project>