<?xml version="1.0" encoding="utf-8"?>
<Project ToolsVersion="4.0" xmlns="http://schemas.microsoft.com/developer/msbuild/2003">
  <ItemGroup>
    <Filter Include="Исходные файлы">
      <UniqueIdentifier>{4FC737F1-C7A5-4376-A066-2A32D752A2FF}</UniqueIdentifier>
      <Extensions>cpp;c;cc;cxx;c++;cppm;ixx;def;odl;idl;hpj;bat;asm;asmx</Extensions>
    </Filter>
    <Filter Include="Файлы заголовков">
      <UniqueIdentifier>{93995380-89BD-4b04-88EB-625FBE52EBFB}</UniqueIdentifier>
      <Extensions>h;hh;hpp;hxx;h++;hm;inl;inc;ipp;xsd</Extensions>
    </Filter>
    <Filter Include="Файлы ресурсов">
      <UniqueIdentifier>{67DA6AB6-F800-4c08-8B7A-83BB121AAD01}</UniqueIdentifier>
      <Extensions>rc;ico;cur;bmp;dlg;rc2;rct;bin;rgs;gif;jpg;jpeg;jpe;resx;tiff;tif;png;wav;mfcribbon-ms</Extensions>
    </Filter>
  </ItemGroup>
  <ItemGroup>
    <ClCompile Include="2.1_Факториал.cpp">
      <Filter>Исходные файлы</Filter>
    </ClCompile>
    <ClCompile Include="2.2_Палиндром.cpp">
      <Filter>Исходные файлы</Filter>
    </ClCompile>
    <ClCompile Include="2.3_Отбор палиндромов.cpp">
      <Filter>Исходные файлы</Filter>
    </ClCompile>
    <ClCompile Include="2.4_Максимизатор.cpp">
      <Filter>Исходные файлы</Filter>
    </ClCompile>
    <ClCompile Include="2.5_Перемещение строк.cpp">
      <Filter>Исходные файлы</Filter>
    </ClCompile>
    <ClCompile Include="2.6_Разворот последовательности.cpp">
      <Filter>Исходные файлы</Filter>
    </ClCompile>
    <ClCompile Include="2.7_Разворот последовательности через константу.cpp">
      <Filter>Исходные файлы</Filter>
    </ClCompile>
    <ClCompile Include="2.8_Средняя температура.cpp">
      <Filter>Исходные файлы</Filter>
    </ClCompile>
    <ClCompile Include="2.9_Очередь.cpp">
      <Filter>Исходные файлы</Filter>
    </ClCompile>
    <ClCompile Include="2.10_Ежемесячные дела.cpp">
      <Filter>Исходные файлы</Filter>
    </ClCompile>
    <ClCompile Include="2.11_Анаграммы.cpp">
      <Filter>Исходные файлы</Filter>
    </ClCompile>
    <ClCompile Include="2.12_Справочник столиц.cpp">
      <Filter>Исходные файлы</Filter>
    </ClCompile>
    <ClCompile Include="2.13_Автобусные остановки 1.cpp">
      <Filter>Исходные файлы</Filter>
    </ClCompile>
    <ClCompile Include="2.14_Автобусные остановки 2.cpp">
      <Filter>Исходные файлы</Filter>
    </ClCompile>
    <ClCompile Include="2.13_Автобусные остановки %28Решение от разрабов%29.cpp">
      <Filter>Исходные файлы</Filter>
    </ClCompile>
    <ClCompile Include="2.15_Количество уникальных строк.cpp">
      <Filter>Исходные файлы</Filter>
    </ClCompile>
    <ClCompile Include="2.16_Множество значений словаря.cpp">
      <Filter>Исходные файлы</Filter>
    </ClCompile>
    <ClCompile Include="2.17_Синонимы.cpp">
      <Filter>Исходные файлы</Filter>
    </ClCompile>
    <ClCompile Include="2.18_Автобусные остановки 3.cpp">
      <Filter>Исходные файлы</Filter>
    </ClCompile>
  </ItemGroup>
</Project>